
Microsoft Visual Studio Solution File, Format Version 12.00
# Visual Studio Version 17
VisualStudioVersion = 17.2.32616.157
MinimumVisualStudioVersion = 10.0.40219.1
Project("{FAE04EC0-301F-11D3-BF4B-00C04F79EFBC}") = "EntityLayer", "..\EntityLayer\EntityLayer.csproj", "{61BDE9C0-CA17-452B-91D7-009ACA0F063E}"
EndProject
Project("{FAE04EC0-301F-11D3-BF4B-00C04F79EFBC}") = "DataAccessLayer", "..\DataAccessLayer\DataAccessLayer.csproj", "{DE7CA1C4-BCDC-4F04-AF0A-011369C4545D}"
EndProject
Project("{FAE04EC0-301F-11D3-BF4B-00C04F79EFBC}") = "BusinessLayer", "..\BusinessLayer\BusinessLayer.csproj", "{4748B2A7-0270-41B6-9E88-E9760FBCFD7E}"
EndProject
Project("{FAE04EC0-301F-11D3-BF4B-00C04F79EFBC}") = "E-Shop", "E-Shop\E-Shop.csproj", "{AF87C499-08FB-4917-8B90-E7EEEC532902}"
EndProject
Global
	GlobalSection(SolutionConfigurationPlatforms) = preSolution
		Debug|Any CPU = Debug|Any CPU
		Release|Any CPU = Release|Any CPU
	EndGlobalSection
	GlobalSection(ProjectConfigurationPlatforms) = postSolution
		{61BDE9C0-CA17-452B-91D7-009ACA0F063E}.Debug|Any CPU.ActiveCfg = Debug|Any CPU
		{61BDE9C0-CA17-452B-91D7-009ACA0F063E}.Debug|Any CPU.Build.0 = Debug|Any CPU
		{61BDE9C0-CA17-452B-91D7-009ACA0F063E}.Release|Any CPU.ActiveCfg = Release|Any CPU
		{61BDE9C0-CA17-452B-91D7-009ACA0F063E}.Release|Any CPU.Build.0 = Release|Any CPU
		{DE7CA1C4-BCDC-4F04-AF0A-011369C4545D}.Debug|Any CPU.ActiveCfg = Debug|Any CPU
		{DE7CA1C4-BCDC-4F04-AF0A-011369C4545D}.Debug|Any CPU.Build.0 = Debug|Any CPU
		{DE7CA1C4-BCDC-4F04-AF0A-011369C4545D}.Release|Any CPU.ActiveCfg = Release|Any CPU
		{DE7CA1C4-BCDC-4F04-AF0A-011369C4545D}.Release|Any CPU.Build.0 = Release|Any CPU
		{4748B2A7-0270-41B6-9E88-E9760FBCFD7E}.Debug|Any CPU.ActiveCfg = Debug|Any CPU
		{4748B2A7-0270-41B6-9E88-E9760FBCFD7E}.Debug|Any CPU.Build.0 = Debug|Any CPU
		{4748B2A7-0270-41B6-9E88-E9760FBCFD7E}.Release|Any CPU.ActiveCfg = Release|Any CPU
		{4748B2A7-0270-41B6-9E88-E9760FBCFD7E}.Release|Any CPU.Build.0 = Release|Any CPU
		{AF87C499-08FB-4917-8B90-E7EEEC532902}.Debug|Any CPU.ActiveCfg = Debug|Any CPU
		{AF87C499-08FB-4917-8B90-E7EEEC532902}.Debug|Any CPU.Build.0 = Debug|Any CPU
		{AF87C499-08FB-4917-8B90-E7EEEC532902}.Release|Any CPU.ActiveCfg = Release|Any CPU
		{AF87C499-08FB-4917-8B90-E7EEEC532902}.Release|Any CPU.Build.0 = Release|Any CPU
	EndGlobalSection
	GlobalSection(SolutionProperties) = preSolution
		HideSolutionNode = FALSE
	EndGlobalSection
	GlobalSection(ExtensibilityGlobals) = postSolution
		SolutionGuid = {F02865CA-EA08-49BE-A256-D13B9C5787CC}
	EndGlobalSection
EndGlobal
